Microsoft Visual Studio Solution File, Format Version 12.00
# Visual Studio 2012
Project("{FAE04EC0-301F-11D3-BF4B-00C04F79EFBC}") = "勇者传说", "勇者传说.csproj", "{AECE96BA-ACF7-4BA0-A850-B11DA9AC052C}"
EndProject
Global
	GlobalSection(SolutionConfigurationPlatforms) = preSolution
	Debug|Any CPU = Debug|Any CPU
	ExportDebug|Any CPU = ExportDebug|Any CPU
	ExportRelease|Any CPU = ExportRelease|Any CPU
	EndGlobalSection
	GlobalSection(ProjectConfigurationPlatforms) = postSolution
		{AECE96BA-ACF7-4BA0-A850-B11DA9AC052C}.Debug|Any CPU.ActiveCfg = Debug|Any CPU
		{AECE96BA-ACF7-4BA0-A850-B11DA9AC052C}.Debug|Any CPU.Build.0 = Debug|Any CPU
		{AECE96BA-ACF7-4BA0-A850-B11DA9AC052C}.ExportDebug|Any CPU.ActiveCfg = ExportDebug|Any CPU
		{AECE96BA-ACF7-4BA0-A850-B11DA9AC052C}.ExportDebug|Any CPU.Build.0 = ExportDebug|Any CPU
		{AECE96BA-ACF7-4BA0-A850-B11DA9AC052C}.ExportRelease|Any CPU.ActiveCfg = ExportRelease|Any CPU
		{AECE96BA-ACF7-4BA0-A850-B11DA9AC052C}.ExportRelease|Any CPU.Build.0 = ExportRelease|Any CPU
	EndGlobalSection
EndGlobal
